
Microsoft Visual Studio Solution File, Format Version 12.00
# Visual Studio Version 17
VisualStudioVersion = 17.0.32112.339
MinimumVisualStudioVersion = 10.0.40219.1
Project("{FAE04EC0-301F-11D3-BF4B-00C04F79EFBC}") = "JAHub_Winforms", "JAHub_Winforms\JAHub_Winforms.csproj", "{49668B7A-0B73-4EC3-B632-8CBC3E776725}"
EndProject
Project("{FAE04EC0-301F-11D3-BF4B-00C04F79EFBC}") = "JAHubLib", "JAHubLib\JAHubLib.csproj", "{E6EBD710-ADD0-4617-B005-8A7067FC1883}"
EndProject
Project("{FAE04EC0-301F-11D3-BF4B-00C04F79EFBC}") = "JAHub_ASPWebforms", "JAHub_ASPWebforms\JAHub_ASPWebforms.csproj", "{F34D974B-61A3-46F5-9F39-FFF04BB1DACC}"
EndProject
Global
	GlobalSection(SolutionConfigurationPlatforms) = preSolution
		Debug|Any CPU = Debug|Any CPU
		Release|Any CPU = Release|Any CPU
	EndGlobalSection
	GlobalSection(ProjectConfigurationPlatforms) = postSolution
		{49668B7A-0B73-4EC3-B632-8CBC3E776725}.Debug|Any CPU.ActiveCfg = Debug|Any CPU
		{49668B7A-0B73-4EC3-B632-8CBC3E776725}.Debug|Any CPU.Build.0 = Debug|Any CPU
		{49668B7A-0B73-4EC3-B632-8CBC3E776725}.Release|Any CPU.ActiveCfg = Release|Any CPU
		{49668B7A-0B73-4EC3-B632-8CBC3E776725}.Release|Any CPU.Build.0 = Release|Any CPU
		{E6EBD710-ADD0-4617-B005-8A7067FC1883}.Debug|Any CPU.ActiveCfg = Debug|Any CPU
		{E6EBD710-ADD0-4617-B005-8A7067FC1883}.Debug|Any CPU.Build.0 = Debug|Any CPU
		{E6EBD710-ADD0-4617-B005-8A7067FC1883}.Release|Any CPU.ActiveCfg = Release|Any CPU
		{E6EBD710-ADD0-4617-B005-8A7067FC1883}.Release|Any CPU.Build.0 = Release|Any CPU
		{F34D974B-61A3-46F5-9F39-FFF04BB1DACC}.Debug|Any CPU.ActiveCfg = Debug|Any CPU
		{F34D974B-61A3-46F5-9F39-FFF04BB1DACC}.Debug|Any CPU.Build.0 = Debug|Any CPU
		{F34D974B-61A3-46F5-9F39-FFF04BB1DACC}.Release|Any CPU.ActiveCfg = Release|Any CPU
		{F34D974B-61A3-46F5-9F39-FFF04BB1DACC}.Release|Any CPU.Build.0 = Release|Any CPU
	EndGlobalSection
	GlobalSection(SolutionProperties) = preSolution
		HideSolutionNode = FALSE
	EndGlobalSection
	GlobalSection(ExtensibilityGlobals) = postSolution
		SolutionGuid = {6D752560-AD45-4ECF-BDF2-9A838E2AE7EB}
	EndGlobalSection
EndGlobal
